// !$*UTF8*$!
{
	archiveVersion = 1;
	classes = {
	};
	objectVersion = 50;
	objects = {

/* Begin PBXBuildFile section */
		511C3E1826E27AD7009A2D08 /* AppDelegate.swift in Sources */ = {isa = PBXBuildFile; fileRef = 511C3E1726E27AD7009A2D08 /* AppDelegate.swift */; };
		511C3E1A26E27AD7009A2D08 /* SceneDelegate.swift in Sources */ = {isa = PBXBuildFile; fileRef = 511C3E1926E27AD7009A2D08 /* SceneDelegate.swift */; };
		511C3E1C26E27AD7009A2D08 /* ViewController.swift in Sources */ = {isa = PBXBuildFile; fileRef = 511C3E1B26E27AD7009A2D08 /* ViewController.swift */; };
		511C3E1F26E27AD7009A2D08 /* Main.storyboard in Resources */ = {isa = PBXBuildFile; fileRef = 511C3E1D26E27AD7009A2D08 /* Main.storyboard */; };
		511C3E2126E27AD8009A2D08 /* Assets.xcassets in Resources */ = {isa = PBXBuildFile; fileRef = 511C3E2026E27AD8009A2D08 /* Assets.xcassets */; };
		511C3E2426E27AD8009A2D08 /* LaunchScreen.storyboard in Resources */ = {isa = PBXBuildFile; fileRef = 511C3E2226E27AD8009A2D08 /* LaunchScreen.storyboard */; };
		511C3E2F26E27AD8009A2D08 /* VIPERTests.swift in Sources */ = {isa = PBXBuildFile; fileRef = 511C3E2E26E27AD8009A2D08 /* VIPERTests.swift */; };
		511C3E3A26E27AD8009A2D08 /* VIPERUITests.swift in Sources */ = {isa = PBXBuildFile; fileRef = 511C3E3926E27AD8009A2D08 /* VIPERUITests.swift */; };
/* End PBXBuildFile section */

/* Begin PBXContainerItemProxy section */
		511C3E2B26E27AD8009A2D08 /* PBXContainerItemProxy */ = {
			isa = PBXContainerItemProxy;
			containerPortal = 511C3E0C26E27AD7009A2D08 /* Project object */;
			proxyType = 1;
			remoteGlobalIDString = 511C3E1326E27AD7009A2D08;
			remoteInfo = VIPER;
		};
		511C3E3626E27AD8009A2D08 /* PBXContainerItemProxy */ = {
			isa = PBXContainerItemProxy;
			containerPortal = 511C3E0C26E27AD7009A2D08 /* Project object */;
			proxyType = 1;
			remoteGlobalIDString = 511C3E1326E27AD7009A2D08;
			remoteInfo = VIPER;
		};
/* End PBXContainerItemProxy section */

/* Begin PBXFileReference section */
		511C3E1426E27AD7009A2D08 /* VIPER.app */ = {isa = PBXFileReference; explicitFileType = wrapper.application; includeInIndex = 0; path = VIPER.app; sourceTree = BUILT_PRODUCTS_DIR; };
		511C3E1726E27AD7009A2D08 /* AppDelegate.swift */ = {isa = PBXFileReference; lastKnownFileType = sourcecode.swift; path = AppDelegate.swift; sourceTree = "<group>"; };
		511C3E1926E27AD7009A2D08 /* SceneDelegate.swift */ = {isa = PBXFileReference; lastKnownFileType = sourcecode.swift; path = SceneDelegate.swift; sourceTree = "<group>"; };
		511C3E1B26E27AD7009A2D08 /* ViewController.swift */ = {isa = PBXFileReference; lastKnownFileType = sourcecode.swift; path = ViewController.swift; sourceTree = "<group>"; };
		511C3E1E26E27AD7009A2D08 /* Base */ = {isa = PBXFileReference; lastKnownFileType = file.storyboard; name = Base; path = Base.lproj/Main.storyboard; sourceTree = "<group>"; };
		511C3E2026E27AD8009A2D08 /* Assets.xcassets */ = {isa = PBXFileReference; lastKnownFileType = folder.assetcatalog; path = Assets.xcassets; sourceTree = "<group>"; };
		511C3E2326E27AD8009A2D08 /* Base */ = {isa = PBXFileReference; lastKnownFileType = file.storyboard; name = Base; path = Base.lproj/LaunchScreen.storyboard; sourceTree = "<group>"; };
		511C3E2526E27AD8009A2D08 /* Info.plist */ = {isa = PBXFileReference; lastKnownFileType = text.plist.xml; path = Info.plist; sourceTree = "<group>"; };
		511C3E2A26E27AD8009A2D08 /* VIPERTests.xctest */ = {isa = PBXFileReference; explicitFileType = wrapper.cfbundle; includeInIndex = 0; path = VIPERTests.xctest; sourceTree = BUILT_PRODUCTS_DIR; };
		511C3E2E26E27AD8009A2D08 /* VIPERTests.swift */ = {isa = PBXFileReference; lastKnownFileType = sourcecode.swift; path = VIPERTests.swift; sourceTree = "<group>"; };
		511C3E3026E27AD8009A2D08 /* Info.plist */ = {isa = PBXFileReference; lastKnownFileType = text.plist.xml; path = Info.plist; sourceTree = "<group>"; };
		511C3E3526E27AD8009A2D08 /* VIPERUITests.xctest */ = {isa = PBXFileReference; explicitFileType = wrapper.cfbundle; includeInIndex = 0; path = VIPERUITests.xctest; sourceTree = BUILT_PRODUCTS_DIR; };
		511C3E3926E27AD8009A2D08 /* VIPERUITests.swift */ = {isa = PBXFileReference; lastKnownFileType = sourcecode.swift; path = VIPERUITests.swift; sourceTree = "<group>"; };
		511C3E3B26E27AD8009A2D08 /* Info.plist */ = {isa = PBXFileReference; lastKnownFileType = text.plist.xml; path = Info.plist; sourceTree = "<group>"; };
/* End PBXFileReference section */

/* Begin PBXFrameworksBuildPhase section */
		511C3E1126E27AD7009A2D08 /* Frameworks */ = {
			isa = PBXFrameworksBuildPhase;
			buildActionMask = 2147483647;
			files = (
			);
			runOnlyForDeploymentPostprocessing = 0;
		};
		511C3E2726E27AD8009A2D08 /* Frameworks */ = {
			isa = PBXFrameworksBuildPhase;
			buildActionMask = 2147483647;
			files = (
			);
			runOnlyForDeploymentPostprocessing = 0;
		};
		511C3E3226E27AD8009A2D08 /* Frameworks */ = {
			isa = PBXFrameworksBuildPhase;
			buildActionMask = 2147483647;
			files = (
			);
			runOnlyForDeploymentPostprocessing = 0;
		};
/* End PBXFrameworksBuildPhase section */

/* Begin PBXGroup section */
		511C3E0B26E27AD7009A2D08 = {
			isa = PBXGroup;
			children = (
				511C3E1626E27AD7009A2D08 /* VIPER */,
				511C3E2D26E27AD8009A2D08 /* VIPERTests */,
				511C3E3826E27AD8009A2D08 /* VIPERUITests */,
				511C3E1526E27AD7009A2D08 /* Products */,
			);
			sourceTree = "<group>";
		};
		511C3E1526E27AD7009A2D08 /* Products */ = {
			isa = PBXGroup;
			children = (
				511C3E1426E27AD7009A2D08 /* VIPER.app */,
				511C3E2A26E27AD8009A2D08 /* VIPERTests.xctest */,
				511C3E3526E27AD8009A2D08 /* VIPERUITests.xctest */,
			);
			name = Products;
			sourceTree = "<group>";
		};
		511C3E1626E27AD7009A2D08 /* VIPER */ = {
			isa = PBXGroup;
			children = (
				511C3E1726E27AD7009A2D08 /* AppDelegate.swift */,
				511C3E1926E27AD7009A2D08 /* SceneDelegate.swift */,
				511C3E1B26E27AD7009A2D08 /* ViewController.swift */,
				511C3E1D26E27AD7009A2D08 /* Main.storyboard */,
				511C3E2026E27AD8009A2D08 /* Assets.xcassets */,
				511C3E2226E27AD8009A2D08 /* LaunchScreen.storyboard */,
				511C3E2526E27AD8009A2D08 /* Info.plist */,
			);
			path = VIPER;
			sourceTree = "<group>";
		};
		511C3E2D26E27AD8009A2D08 /* VIPERTests */ = {
			isa = PBXGroup;
			children = (
				511C3E2E26E27AD8009A2D08 /* VIPERTests.swift */,
				511C3E3026E27AD8009A2D08 /* Info.plist */,
			);
			path = VIPERTests;
			sourceTree = "<group>";
		};
		511C3E3826E27AD8009A2D08 /* VIPERUITests */ = {
			isa = PBXGroup;
			children = (
				511C3E3926E27AD8009A2D08 /* VIPERUITests.swift */,
				511C3E3B26E27AD8009A2D08 /* Info.plist */,
			);
			path = VIPERUITests;
			sourceTree = "<group>";
		};
/* End PBXGroup section */

/* Begin PBXNativeTarget section */
		511C3E1326E27AD7009A2D08 /* VIPER */ = {
			isa = PBXNativeTarget;
			buildConfigurationList = 511C3E3E26E27AD8009A2D08 /* Build configuration list for PBXNativeTarget "VIPER" */;
			buildPhases = (
				511C3E1026E27AD7009A2D08 /* Sources */,
				511C3E1126E27AD7009A2D08 /* Frameworks */,
				511C3E1226E27AD7009A2D08 /* Resources */,
			);
			buildRules = (
			);
			dependencies = (
			);
			name = VIPER;
			productName = VIPER;
			productReference = 511C3E1426E27AD7009A2D08 /* VIPER.app */;
			productType = "com.apple.product-type.application";
		};
		511C3E2926E27AD8009A2D08 /* VIPERTests */ = {
			isa = PBXNativeTarget;
			buildConfigurationList = 511C3E4126E27AD8009A2D08 /* Build configuration list for PBXNativeTarget "VIPERTests" */;
			buildPhases = (
				511C3E2626E27AD8009A2D08 /* Sources */,
				511C3E2726E27AD8009A2D08 /* Frameworks */,
				511C3E2826E27AD8009A2D08 /* Resources */,
			);
			buildRules = (
			);
			dependencies = (
				511C3E2C26E27AD8009A2D08 /* PBXTargetDependency */,
			);
			name = VIPERTests;
			productName = VIPERTests;
			productReference = 511C3E2A26E27AD8009A2D08 /* VIPERTests.xctest */;
			productType = "com.apple.product-type.bundle.unit-test";
		};
		511C3E3426E27AD8009A2D08 /* VIPERUITests */ = {
			isa = PBXNativeTarget;
			buildConfigurationList = 511C3E4426E27AD8009A2D08 /* Build configuration list for PBXNativeTarget "VIPERUITests" */;
			buildPhases = (
				511C3E3126E27AD8009A2D08 /* Sources */,
				511C3E3226E27AD8009A2D08 /* Frameworks */,
				511C3E3326E27AD8009A2D08 /* Resources */,
			);
			buildRules = (
			);
			dependencies = (
				511C3E3726E27AD8009A2D08 /* PBXTargetDependency */,
			);
			name = VIPERUITests;
			productName = VIPERUITests;
			productReference = 511C3E3526E27AD8009A2D08 /* VIPERUITests.xctest */;
			productType = "com.apple.product-type.bundle.ui-testing";
		};
/* End PBXNativeTarget section */

/* Begin PBXProject section */
		511C3E0C26E27AD7009A2D08 /* Project object */ = {
			isa = PBXProject;
			attributes = {
				LastSwiftUpdateCheck = 1250;
				LastUpgradeCheck = 1250;
				TargetAttributes = {
					511C3E1326E27AD7009A2D08 = {
						CreatedOnToolsVersion = 12.5.1;
					};
					511C3E2926E27AD8009A2D08 = {
						CreatedOnToolsVersion = 12.5.1;
						TestTargetID = 511C3E1326E27AD7009A2D08;
					};
					511C3E3426E27AD8009A2D08 = {
						CreatedOnToolsVersion = 12.5.1;
						TestTargetID = 511C3E1326E27AD7009A2D08;
					};
				};
			};
			buildConfigurationList = 511C3E0F26E27AD7009A2D08 /* Build configuration list for PBXProject "VIPER" */;
			compatibilityVersion = "Xcode 9.3";
			developmentRegion = en;
			hasScannedForEncodings = 0;
			knownRegions = (
				en,
				Base,
			);
			mainGroup = 511C3E0B26E27AD7009A2D08;
			productRefGroup = 511C3E1526E27AD7009A2D08 /* Products */;
			projectDirPath = "";
			projectRoot = "";
			targets = (
				511C3E1326E27AD7009A2D08 /* VIPER */,
				511C3E2926E27AD8009A2D08 /* VIPERTests */,
				511C3E3426E27AD8009A2D08 /* VIPERUITests */,
			);
		};
/* End PBXProject section */

/* Begin PBXResourcesBuildPhase section */
		511C3E1226E27AD7009A2D08 /* Resources */ = {
			isa = PBXResourcesBuildPhase;
			buildActionMask = 2147483647;
			files = (
				511C3E2426E27AD8009A2D08 /* LaunchScreen.storyboard in Resources */,
				511C3E2126E27AD8009A2D08 /* Assets.xcassets in Resources */,
				511C3E1F26E27AD7009A2D08 /* Main.storyboard in Resources */,
			);
			runOnlyForDeploymentPostprocessing = 0;
		};
		511C3E2826E27AD8009A2D08 /* Resources */ = {
			isa = PBXResourcesBuildPhase;
			buildActionMask = 2147483647;
			files = (
			);
			runOnlyForDeploymentPostprocessing = 0;
		};
		511C3E3326E27AD8009A2D08 /* Resources */ = {
			isa = PBXResourcesBuildPhase;
			buildActionMask = 2147483647;
			files = (
			);
			runOnlyForDeploymentPostprocessing = 0;
		};
/* End PBXResourcesBuildPhase section */

/* Begin PBXSourcesBuildPhase section */
		511C3E1026E27AD7009A2D08 /* Sources */ = {
			isa = PBXSourcesBuildPhase;
			buildActionMask = 2147483647;
			files = (
				511C3E1C26E27AD7009A2D08 /* ViewController.swift in Sources */,
				511C3E1826E27AD7009A2D08 /* AppDelegate.swift in Sources */,
				511C3E1A26E27AD7009A2D08 /* SceneDelegate.swift in Sources */,
			);
			runOnlyForDeploymentPostprocessing = 0;
		};
		511C3E2626E27AD8009A2D08 /* Sources */ = {
			isa = PBXSourcesBuildPhase;
			buildActionMask = 2147483647;
			files = (
				511C3E2F26E27AD8009A2D08 /* VIPERTests.swift in Sources */,
			);
			runOnlyForDeploymentPostprocessing = 0;
		};
		511C3E3126E27AD8009A2D08 /* Sources */ = {
			isa = PBXSourcesBuildPhase;
			buildActionMask = 2147483647;
			files = (
				511C3E3A26E27AD8009A2D08 /* VIPERUITests.swift in Sources */,
			);
			runOnlyForDeploymentPostprocessing = 0;
		};
/* End PBXSourcesBuildPhase section */

/* Begin PBXTargetDependency section */
		511C3E2C26E27AD8009A2D08 /* PBXTargetDependency */ = {
			isa = PBXTargetDependency;
			target = 511C3E1326E27AD7009A2D08 /* VIPER */;
			targetProxy = 511C3E2B26E27AD8009A2D08 /* PBXContainerItemProxy */;
		};
		511C3E3726E27AD8009A2D08 /* PBXTargetDependency */ = {
			isa = PBXTargetDependency;
			target = 511C3E1326E27AD7009A2D08 /* VIPER */;
			targetProxy = 511C3E3626E27AD8009A2D08 /* PBXContainerItemProxy */;
		};
/* End PBXTargetDependency section */

/* Begin PBXVariantGroup section */
		511C3E1D26E27AD7009A2D08 /* Main.storyboard */ = {
			isa = PBXVariantGroup;
			children = (
				511C3E1E26E27AD7009A2D08 /* Base */,
			);
			name = Main.storyboard;
			sourceTree = "<group>";
		};
		511C3E2226E27AD8009A2D08 /* LaunchScreen.storyboard */ = {
			isa = PBXVariantGroup;
			children = (
				511C3E2326E27AD8009A2D08 /* Base */,
			);
			name = LaunchScreen.storyboard;
			sourceTree = "<group>";
		};
/* End PBXVariantGroup section */

/* Begin XCBuildConfiguration section */
		511C3E3C26E27AD8009A2D08 /* Debug */ = {
			isa = XCBuildConfiguration;
			buildSettings = {
				ALWAYS_SEARCH_USER_PATHS = NO;
				CLANG_ANALYZER_NONNULL = YES;
				CLANG_ANALYZER_NUMBER_OBJECT_CONVERSION = YES_AGGRESSIVE;
				CLANG_CXX_LANGUAGE_STANDARD = "gnu++14";
				CLANG_CXX_LIBRARY = "libc++";
				CLANG_ENABLE_MODULES = YES;
				CLANG_ENABLE_OBJC_ARC = YES;
				CLANG_ENABLE_OBJC_WEAK = YES;
				CLANG_WARN_BLOCK_CAPTURE_AUTORELEASING = YES;
				CLANG_WARN_BOOL_CONVERSION = YES;
				CLANG_WARN_COMMA = YES;
				CLANG_WARN_CONSTANT_CONVERSION = YES;
				CLANG_WARN_DEPRECATED_OBJC_IMPLEMENTATIONS = YES;
				CLANG_WARN_DIRECT_OBJC_ISA_USAGE = YES_ERROR;
				CLANG_WARN_DOCUMENTATION_COMMENTS = YES;
				CLANG_WARN_EMPTY_BODY = YES;
				CLANG_WARN_ENUM_CONVERSION = YES;
				CLANG_WARN_INFINITE_RECURSION = YES;
				CLANG_WARN_INT_CONVERSION = YES;
				CLANG_WARN_NON_LITERAL_NULL_CONVERSION = YES;
				CLANG_WARN_OBJC_IMPLICIT_RETAIN_SELF = YES;
				CLANG_WARN_OBJC_LITERAL_CONVERSION = YES;
				CLANG_WARN_OBJC_ROOT_CLASS = YES_ERROR;
				CLANG_WARN_QUOTED_INCLUDE_IN_FRAMEWORK_HEADER = YES;
				CLANG_WARN_RANGE_LOOP_ANALYSIS = YES;
				CLANG_WARN_STRICT_PROTOTYPES = YES;
				CLANG_WARN_SUSPICIOUS_MOVE = YES;
				CLANG_WARN_UNGUARDED_AVAILABILITY = YES_AGGRESSIVE;
				CLANG_WARN_UNREACHABLE_CODE = YES;
				CLANG_WARN__DUPLICATE_METHOD_MATCH = YES;
				COPY_PHASE_STRIP = NO;
				DEBUG_INFORMATION_FORMAT = dwarf;
				ENABLE_STRICT_OBJC_MSGSEND = YES;
				ENABLE_TESTABILITY = YES;
				GCC_C_LANGUAGE_STANDARD = gnu11;
				GCC_DYNAMIC_NO_PIC = NO;
				GCC_NO_COMMON_BLOCKS = YES;
				GCC_OPTIMIZATION_LEVEL = 0;
				GCC_PREPROCESSOR_DEFINITIONS = (
					"DEBUG=1",
					"$(inherited)",
				);
				GCC_WARN_64_TO_32_BIT_CONVERSION = YES;
				GCC_WARN_ABOUT_RETURN_TYPE = YES_ERROR;
				GCC_WARN_UNDECLARED_SELECTOR = YES;
				GCC_WARN_UNINITIALIZED_AUTOS = YES_AGGRESSIVE;
				GCC_WARN_UNUSED_FUNCTION = YES;
				GCC_WARN_UNUSED_VARIABLE = YES;
				IPHONEOS_DEPLOYMENT_TARGET = 14.5;
				MTL_ENABLE_DEBUG_INFO = INCLUDE_SOURCE;
				MTL_FAST_MATH = YES;
				ONLY_ACTIVE_ARCH = YES;
				SDKROOT = iphoneos;
				SWIFT_ACTIVE_COMPILATION_CONDITIONS = DEBUG;
				SWIFT_OPTIMIZATION_LEVEL = "-Onone";
			};
			name = Debug;
		};
		511C3E3D26E27AD8009A2D08 /* Release */ = {
			isa = XCBuildConfiguration;
			buildSettings = {
				ALWAYS_SEARCH_USER_PATHS = NO;
				CLANG_ANALYZER_NONNULL = YES;
				CLANG_ANALYZER_NUMBER_OBJECT_CONVERSION = YES_AGGRESSIVE;
				CLANG_CXX_LANGUAGE_STANDARD = "gnu++14";
				CLANG_CXX_LIBRARY = "libc++";
				CLANG_ENABLE_MODULES = YES;
				CLANG_ENABLE_OBJC_ARC = YES;
				CLANG_ENABLE_OBJC_WEAK = YES;
				CLANG_WARN_BLOCK_CAPTURE_AUTORELEASING = YES;
				CLANG_WARN_BOOL_CONVERSION = YES;
				CLANG_WARN_COMMA = YES;
				CLANG_WARN_CONSTANT_CONVERSION = YES;
				CLANG_WARN_DEPRECATED_OBJC_IMPLEMENTATIONS = YES;
				CLANG_WARN_DIRECT_OBJC_ISA_USAGE = YES_ERROR;
				CLANG_WARN_DOCUMENTATION_COMMENTS = YES;
				CLANG_WARN_EMPTY_BODY = YES;
				CLANG_WARN_ENUM_CONVERSION = YES;
				CLANG_WARN_INFINITE_RECURSION = YES;
				CLANG_WARN_INT_CONVERSION = YES;
				CLANG_WARN_NON_LITERAL_NULL_CONVERSION = YES;
				CLANG_WARN_OBJC_IMPLICIT_RETAIN_SELF = YES;
				CLANG_WARN_OBJC_LITERAL_CONVERSION = YES;
				CLANG_WARN_OBJC_ROOT_CLASS = YES_ERROR;
				CLANG_WARN_QUOTED_INCLUDE_IN_FRAMEWORK_HEADER = YES;
				CLANG_WARN_RANGE_LOOP_ANALYSIS = YES;
				CLANG_WARN_STRICT_PROTOTYPES = YES;
				CLANG_WARN_SUSPICIOUS_MOVE = YES;
				CLANG_WARN_UNGUARDED_AVAILABILITY = YES_AGGRESSIVE;
				CLANG_WARN_UNREACHABLE_CODE = YES;
				CLANG_WARN__DUPLICATE_METHOD_MATCH = YES;
				COPY_PHASE_STRIP = NO;
				DEBUG_INFORMATION_FORMAT = "dwarf-with-dsym";
				ENABLE_NS_ASSERTIONS = NO;
				ENABLE_STRICT_OBJC_MSGSEND = YES;
				GCC_C_LANGUAGE_STANDARD = gnu11;
				GCC_NO_COMMON_BLOCKS = YES;
				GCC_WARN_64_TO_32_BIT_CONVERSION = YES;
				GCC_WARN_ABOUT_RETURN_TYPE = YES_ERROR;
				GCC_WARN_UNDECLARED_SELECTOR = YES;
				GCC_WARN_UNINITIALIZED_AUTOS = YES_AGGRESSIVE;
				GCC_WARN_UNUSED_FUNCTION = YES;
				GCC_WARN_UNUSED_VARIABLE = YES;
				IPHONEOS_DEPLOYMENT_TARGET = 14.5;
				MTL_ENABLE_DEBUG_INFO = NO;
				MTL_FAST_MATH = YES;
				SDKROOT = iphoneos;
				SWIFT_COMPILATION_MODE = wholemodule;
				SWIFT_OPTIMIZATION_LEVEL = "-O";
				VALIDATE_PRODUCT = YES;
			};
			name = Release;
		};
		511C3E3F26E27AD8009A2D08 /* Debug */ = {
			isa = XCBuildConfiguration;
			buildSettings = {
				ASSETCATALOG_COMPILER_APPICON_NAME = AppIcon;
				ASSETCATALOG_COMPILER_GLOBAL_ACCENT_COLOR_NAME = AccentColor;
				CODE_SIGN_STYLE = Automatic;
				DEVELOPMENT_TEAM = LDXCCD7PQ8;
				INFOPLIST_FILE = VIPER/Info.plist;
				LD_RUNPATH_SEARCH_PATHS = (
					"$(inherited)",
					"@executable_path/Frameworks",
				);
				PRODUCT_BUNDLE_IDENTIFIER = com.paulosilva.viper.VIPER;
				PRODUCT_NAME = "$(TARGET_NAME)";
				SWIFT_VERSION = 5.0;
				TARGETED_DEVICE_FAMILY = "1,2";
			};
			name = Debug;
		};
		511C3E4026E27AD8009A2D08 /* Release */ = {
			isa = XCBuildConfiguration;
			buildSettings = {
				ASSETCATALOG_COMPILER_APPICON_NAME = AppIcon;
				ASSETCATALOG_COMPILER_GLOBAL_ACCENT_COLOR_NAME = AccentColor;
				CODE_SIGN_STYLE = Automatic;
				DEVELOPMENT_TEAM = LDXCCD7PQ8;
				INFOPLIST_FILE = VIPER/Info.plist;
				LD_RUNPATH_SEARCH_PATHS = (
					"$(inherited)",
					"@executable_path/Frameworks",
				);
				PRODUCT_BUNDLE_IDENTIFIER = com.paulosilva.viper.VIPER;
				PRODUCT_NAME = "$(TARGET_NAME)";
				SWIFT_VERSION = 5.0;
				TARGETED_DEVICE_FAMILY = "1,2";
			};
			name = Release;
		};
		511C3E4226E27AD8009A2D08 /* Debug */ = {
			isa = XCBuildConfiguration;
			buildSettings = {
				ALWAYS_EMBED_SWIFT_STANDARD_LIBRARIES = YES;
				BUNDLE_LOADER = "$(TEST_HOST)";
				CODE_SIGN_STYLE = Automatic;
				DEVELOPMENT_TEAM = LDXCCD7PQ8;
				INFOPLIST_FILE = VIPERTests/Info.plist;
				IPHONEOS_DEPLOYMENT_TARGET = 14.5;
				LD_RUNPATH_SEARCH_PATHS = (
					"$(inherited)",
					"@executable_path/Frameworks",
					"@loader_path/Frameworks",
				);
				PRODUCT_BUNDLE_IDENTIFIER = com.paulosilva.viper.VIPERTests;
				PRODUCT_NAME = "$(TARGET_NAME)";
				SWIFT_VERSION = 5.0;
				TARGETED_DEVICE_FAMILY = "1,2";
				TEST_HOST = "$(BUILT_PRODUCTS_DIR)/VIPER.app/VIPER";
			};
			name = Debug;
		};
		511C3E4326E27AD8009A2D08 /* Release */ = {
			isa = XCBuildConfiguration;
			buildSettings = {
				ALWAYS_EMBED_SWIFT_STANDARD_LIBRARIES = YES;
				BUNDLE_LOADER = "$(TEST_HOST)";
				CODE_SIGN_STYLE = Automatic;
				DEVELOPMENT_TEAM = LDXCCD7PQ8;
				INFOPLIST_FILE = VIPERTests/Info.plist;
				IPHONEOS_DEPLOYMENT_TARGET = 14.5;
				LD_RUNPATH_SEARCH_PATHS = (
					"$(inherited)",
					"@executable_path/Frameworks",
					"@loader_path/Frameworks",
				);
				PRODUCT_BUNDLE_IDENTIFIER = com.paulosilva.viper.VIPERTests;
				PRODUCT_NAME = "$(TARGET_NAME)";
				SWIFT_VERSION = 5.0;
				TARGETED_DEVICE_FAMILY = "1,2";
				TEST_HOST = "$(BUILT_PRODUCTS_DIR)/VIPER.app/VIPER";
			};
			name = Release;
		};
		511C3E4526E27AD8009A2D08 /* Debug */ = {
			isa = XCBuildConfiguration;
			buildSettings = {
				ALWAYS_EMBED_SWIFT_STANDARD_LIBRARIES = YES;
				CODE_SIGN_STYLE = Automatic;
				DEVELOPMENT_TEAM = LDXCCD7PQ8;
				INFOPLIST_FILE = VIPERUITests/Info.plist;
				LD_RUNPATH_SEARCH_PATHS = (
					"$(inherited)",
					"@executable_path/Frameworks",
					"@loader_path/Frameworks",
				);
				PRODUCT_BUNDLE_IDENTIFIER = com.paulosilva.viper.VIPERUITests;
				PRODUCT_NAME = "$(TARGET_NAME)";
				SWIFT_VERSION = 5.0;
				TARGETED_DEVICE_FAMILY = "1,2";
				TEST_TARGET_NAME = VIPER;
			};
			name = Debug;
		};
		511C3E4626E27AD8009A2D08 /* Release */ = {
			isa = XCBuildConfiguration;
			buildSettings = {
				ALWAYS_EMBED_SWIFT_STANDARD_LIBRARIES = YES;
				CODE_SIGN_STYLE = Automatic;
				DEVELOPMENT_TEAM = LDXCCD7PQ8;
				INFOPLIST_FILE = VIPERUITests/Info.plist;
				LD_RUNPATH_SEARCH_PATHS = (
					"$(inherited)",
					"@executable_path/Frameworks",
					"@loader_path/Frameworks",
				);
				PRODUCT_BUNDLE_IDENTIFIER = com.paulosilva.viper.VIPERUITests;
				PRODUCT_NAME = "$(TARGET_NAME)";
				SWIFT_VERSION = 5.0;
				TARGETED_DEVICE_FAMILY = "1,2";
				TEST_TARGET_NAME = VIPER;
			};
			name = Release;
		};
/* End XCBuildConfiguration section */

/* Begin XCConfigurationList section */
		511C3E0F26E27AD7009A2D08 /* Build configuration list for PBXProject "VIPER" */ = {
			isa = XCConfigurationList;
			buildConfigurations = (
				511C3E3C26E27AD8009A2D08 /* Debug */,
				511C3E3D26E27AD8009A2D08 /* Release */,
			);
			defaultConfigurationIsVisible = 0;
			defaultConfigurationName = Release;
		};
		511C3E3E26E27AD8009A2D08 /* Build configuration list for PBXNativeTarget "VIPER" */ = {
			isa = XCConfigurationList;
			buildConfigurations = (
				511C3E3F26E27AD8009A2D08 /* Debug */,
				511C3E4026E27AD8009A2D08 /* Release */,
			);
			defaultConfigurationIsVisible = 0;
			defaultConfigurationName = Release;
		};
		511C3E4126E27AD8009A2D08 /* Build configuration list for PBXNativeTarget "VIPERTests" */ = {
			isa = XCConfigurationList;
			buildConfigurations = (
				511C3E4226E27AD8009A2D08 /* Debug */,
				511C3E4326E27AD8009A2D08 /* Release */,
			);
			defaultConfigurationIsVisible = 0;
			defaultConfigurationName = Release;
		};
		511C3E4426E27AD8009A2D08 /* Build configuration list for PBXNativeTarget "VIPERUITests" */ = {
			isa = XCConfigurationList;
			buildConfigurations = (
				511C3E4526E27AD8009A2D08 /* Debug */,
				511C3E4626E27AD8009A2D08 /* Release */,
			);
			defaultConfigurationIsVisible = 0;
			defaultConfigurationName = Release;
		};
/* End XCConfigurationList section */
	};
	rootObject = 511C3E0C26E27AD7009A2D08 /* Project object */;
}
